PODS:
  - FBRetainCycleDetector (0.1.4)
  - MLeaksFinder (1.0.0):
    - FBRetainCycleDetector
  - MTDNavigationView (0.2.4)

DEPENDENCIES:
  - MLeaksFinder
  - MTDNavigationView (from `../`)

SPEC REPOS:
  https://github.com/cocoapods/specs.git:
    - FBRetainCycleDetector
    - MLeaksFinder

EXTERNAL SOURCES:
  MTDNavigationView:
    :path: "../"

SPEC CHECKSUMS:
  FBRetainCycleDetector: 46f8179bbb1c587deee3ea838a1a3ee02acf5015
  MLeaksFinder: 8c435bd2f6d070af18cff082b503b21adc130fc0
  MTDNavigationView: 626a48b9115331f0d7b2bb949d7b5dcb47b2c665

PODFILE CHECKSUM: 141d6ec2deabdd5bd45f32acda0bb407ae50844d

COCOAPODS: 1.7.5
