PODS:
  - MTDNavigationView (0.2.3)

DEPENDENCIES:
  - MTDNavigationView (from `../`)

EXTERNAL SOURCES:
  MTDNavigationView:
    :path: "../"

SPEC CHECKSUMS:
  MTDNavigationView: bf1cc7499aaa45f12fe4696a259450ffa5e1ef74

PODFILE CHECKSUM: 24b2c62d6e00146d47a019e8d21a408412897fc8

COCOAPODS: 1.7.5
